// !$*UTF8*$!
{
	archiveVersion = 1;
	classes = {
	};
	objectVersion = 56;
	objects = {

/* Begin PBXBuildFile section */
		15F72C5A2C69DA6800878295 /* AppDelegate.swift in Sources */ = {isa = PBXBuildFile; fileRef = 15F72C592C69DA6800878295 /* AppDelegate.swift */; };
		15F72C5C2C69DA6800878295 /* SceneDelegate.swift in Sources */ = {isa = PBXBuildFile; fileRef = 15F72C5B2C69DA6800878295 /* SceneDelegate.swift */; };
		15F72C5E2C69DA6800878295 /* OrderListViewController.swift in Sources */ = {isa = PBXBuildFile; fileRef = 15F72C5D2C69DA6800878295 /* OrderListViewController.swift */; };
		15F72C612C69DA6800878295 /* Base in Resources */ = {isa = PBXBuildFile; fileRef = 15F72C602C69DA6800878295 /* Base */; };
		15F72C632C69DA6A00878295 /* Assets.xcassets in Resources */ = {isa = PBXBuildFile; fileRef = 15F72C622C69DA6A00878295 /* Assets.xcassets */; };
		15F72C662C69DA6A00878295 /* Base in Resources */ = {isa = PBXBuildFile; fileRef = 15F72C652C69DA6A00878295 /* Base */; };
		15F72C712C69DA6D00878295 /* OrderListTests.swift in Sources */ = {isa = PBXBuildFile; fileRef = 15F72C702C69DA6D00878295 /* OrderListTests.swift */; };
		15F72C7B2C69DA6D00878295 /* NewbieUITests.swift in Sources */ = {isa = PBXBuildFile; fileRef = 15F72C7A2C69DA6D00878295 /* NewbieUITests.swift */; };
		15F72C7D2C69DA6D00878295 /* NewbieUITestsLaunchTests.swift in Sources */ = {isa = PBXBuildFile; fileRef = 15F72C7C2C69DA6D00878295 /* NewbieUITestsLaunchTests.swift */; };
		15F72C8F2C69DB1D00878295 /* OrdersListTableViewCell.swift in Sources */ = {isa = PBXBuildFile; fileRef = 15F72C8D2C69DB1D00878295 /* OrdersListTableViewCell.swift */; };
		15F72C902C69DB1D00878295 /* OrdersListTableViewCell.xib in Resources */ = {isa = PBXBuildFile; fileRef = 15F72C8E2C69DB1D00878295 /* OrdersListTableViewCell.xib */; };
		15F72C922C69DB8500878295 /* WebService.swift in Sources */ = {isa = PBXBuildFile; fileRef = 15F72C912C69DB8500878295 /* WebService.swift */; };
		15F72C952C6B18F100878295 /* OrderListModel.swift in Sources */ = {isa = PBXBuildFile; fileRef = 15F72C942C6B18F100878295 /* OrderListModel.swift */; };
		15F72C972C6B195B00878295 /* OrderViewModel.swift in Sources */ = {isa = PBXBuildFile; fileRef = 15F72C962C6B195B00878295 /* OrderViewModel.swift */; };
		15F72C992C6B602000878295 /* ViewOrderViewController.swift in Sources */ = {isa = PBXBuildFile; fileRef = 15F72C982C6B602000878295 /* ViewOrderViewController.swift */; };
		15F72C9C2C6B7F8600878295 /* OrderListProtocol.swift in Sources */ = {isa = PBXBuildFile; fileRef = 15F72C9B2C6B7F8600878295 /* OrderListProtocol.swift */; };
		15F72C9F2C6B803100878295 /* MockUrlProtocol.swift in Sources */ = {isa = PBXBuildFile; fileRef = 15F72C9E2C6B803100878295 /* MockUrlProtocol.swift */; };
		15F72CA12C6B80C100878295 /* MockOrderList.swift in Sources */ = {isa = PBXBuildFile; fileRef = 15F72CA02C6B80C100878295 /* MockOrderList.swift */; };
		15F72CA42C6B847A00878295 /* Constants.swift in Sources */ = {isa = PBXBuildFile; fileRef = 15F72CA32C6B847A00878295 /* Constants.swift */; };
		15F72CA62C6C7A8000878295 /* GetOrdersViewModel.swift in Sources */ = {isa = PBXBuildFile; fileRef = 15F72CA52C6C7A8000878295 /* GetOrdersViewModel.swift */; };
		15F72CA82C6C7AAB00878295 /* MockGetOrders.swift in Sources */ = {isa = PBXBuildFile; fileRef = 15F72CA72C6C7AAB00878295 /* MockGetOrders.swift */; };
/* End PBXBuildFile section */

/* Begin PBXContainerItemProxy section */
		15F72C6D2C69DA6C00878295 /* PBXContainerItemProxy */ = {
			isa = PBXContainerItemProxy;
			containerPortal = 15F72C4E2C69DA6800878295 /* Project object */;
			proxyType = 1;
			remoteGlobalIDString = 15F72C552C69DA6800878295;
			remoteInfo = Newbie;
		};
		15F72C772C69DA6D00878295 /* PBXContainerItemProxy */ = {
			isa = PBXContainerItemProxy;
			containerPortal = 15F72C4E2C69DA6800878295 /* Project object */;
			proxyType = 1;
			remoteGlobalIDString = 15F72C552C69DA6800878295;
			remoteInfo = Newbie;
		};
/* End PBXContainerItemProxy section */

/* Begin PBXFileReference section */
		15F72C562C69DA6800878295 /* Newbie.app */ = {isa = PBXFileReference; explicitFileType = wrapper.application; includeInIndex = 0; path = Newbie.app; sourceTree = BUILT_PRODUCTS_DIR; };
		15F72C592C69DA6800878295 /* AppDelegate.swift */ = {isa = PBXFileReference; lastKnownFileType = sourcecode.swift; path = AppDelegate.swift; sourceTree = "<group>"; };
		15F72C5B2C69DA6800878295 /* SceneDelegate.swift */ = {isa = PBXFileReference; lastKnownFileType = sourcecode.swift; path = SceneDelegate.swift; sourceTree = "<group>"; };
		15F72C5D2C69DA6800878295 /* OrderListViewController.swift */ = {isa = PBXFileReference; lastKnownFileType = sourcecode.swift; path = OrderListViewController.swift; sourceTree = "<group>"; };
		15F72C602C69DA6800878295 /* Base */ = {isa = PBXFileReference; lastKnownFileType = file.storyboard; name = Base; path = Base.lproj/Main.storyboard; sourceTree = "<group>"; };
		15F72C622C69DA6A00878295 /* Assets.xcassets */ = {isa = PBXFileReference; lastKnownFileType = folder.assetcatalog; path = Assets.xcassets; sourceTree = "<group>"; };
		15F72C652C69DA6A00878295 /* Base */ = {isa = PBXFileReference; lastKnownFileType = file.storyboard; name = Base; path = Base.lproj/LaunchScreen.storyboard; sourceTree = "<group>"; };
		15F72C672C69DA6A00878295 /* Info.plist */ = {isa = PBXFileReference; lastKnownFileType = text.plist.xml; path = Info.plist; sourceTree = "<group>"; };
		15F72C6C2C69DA6C00878295 /* NewbieTests.xctest */ = {isa = PBXFileReference; explicitFileType = wrapper.cfbundle; includeInIndex = 0; path = NewbieTests.xctest; sourceTree = BUILT_PRODUCTS_DIR; };
		15F72C702C69DA6D00878295 /* OrderListTests.swift */ = {isa = PBXFileReference; lastKnownFileType = sourcecode.swift; path = OrderListTests.swift; sourceTree = "<group>"; };
		15F72C762C69DA6D00878295 /* NewbieUITests.xctest */ = {isa = PBXFileReference; explicitFileType = wrapper.cfbundle; includeInIndex = 0; path = NewbieUITests.xctest; sourceTree = BUILT_PRODUCTS_DIR; };
		15F72C7A2C69DA6D00878295 /* NewbieUITests.swift */ = {isa = PBXFileReference; lastKnownFileType = sourcecode.swift; path = NewbieUITests.swift; sourceTree = "<group>"; };
		15F72C7C2C69DA6D00878295 /* NewbieUITestsLaunchTests.swift */ = {isa = PBXFileReference; lastKnownFileType = sourcecode.swift; path = NewbieUITestsLaunchTests.swift; sourceTree = "<group>"; };
		15F72C8D2C69DB1D00878295 /* OrdersListTableViewCell.swift */ = {isa = PBXFileReference; lastKnownFileType = sourcecode.swift; path = OrdersListTableViewCell.swift; sourceTree = "<group>"; };
		15F72C8E2C69DB1D00878295 /* OrdersListTableViewCell.xib */ = {isa = PBXFileReference; lastKnownFileType = file.xib; path = OrdersListTableViewCell.xib; sourceTree = "<group>"; };
		15F72C912C69DB8500878295 /* WebService.swift */ = {isa = PBXFileReference; lastKnownFileType = sourcecode.swift; path = WebService.swift; sourceTree = "<group>"; };
		15F72C942C6B18F100878295 /* OrderListModel.swift */ = {isa = PBXFileReference; lastKnownFileType = sourcecode.swift; path = OrderListModel.swift; sourceTree = "<group>"; };
		15F72C962C6B195B00878295 /* OrderViewModel.swift */ = {isa = PBXFileReference; lastKnownFileType = sourcecode.swift; path = OrderViewModel.swift; sourceTree = "<group>"; };
		15F72C982C6B602000878295 /* ViewOrderViewController.swift */ = {isa = PBXFileReference; lastKnownFileType = sourcecode.swift; path = ViewOrderViewController.swift; sourceTree = "<group>"; };
		15F72C9B2C6B7F8600878295 /* OrderListProtocol.swift */ = {isa = PBXFileReference; lastKnownFileType = sourcecode.swift; path = OrderListProtocol.swift; sourceTree = "<group>"; };
		15F72C9E2C6B803100878295 /* MockUrlProtocol.swift */ = {isa = PBXFileReference; lastKnownFileType = sourcecode.swift; path = MockUrlProtocol.swift; sourceTree = "<group>"; };
		15F72CA02C6B80C100878295 /* MockOrderList.swift */ = {isa = PBXFileReference; lastKnownFileType = sourcecode.swift; path = MockOrderList.swift; sourceTree = "<group>"; };
		15F72CA32C6B847A00878295 /* Constants.swift */ = {isa = PBXFileReference; lastKnownFileType = sourcecode.swift; path = Constants.swift; sourceTree = "<group>"; };
		15F72CA52C6C7A8000878295 /* GetOrdersViewModel.swift */ = {isa = PBXFileReference; lastKnownFileType = sourcecode.swift; path = GetOrdersViewModel.swift; sourceTree = "<group>"; };
		15F72CA72C6C7AAB00878295 /* MockGetOrders.swift */ = {isa = PBXFileReference; lastKnownFileType = sourcecode.swift; path = MockGetOrders.swift; sourceTree = "<group>"; };
/* End PBXFileReference section */

/* Begin PBXFrameworksBuildPhase section */
		15F72C532C69DA6800878295 /* Frameworks */ = {
			isa = PBXFrameworksBuildPhase;
			buildActionMask = 2147483647;
			files = (
			);
			runOnlyForDeploymentPostprocessing = 0;
		};
		15F72C692C69DA6C00878295 /* Frameworks */ = {
			isa = PBXFrameworksBuildPhase;
			buildActionMask = 2147483647;
			files = (
			);
			runOnlyForDeploymentPostprocessing = 0;
		};
		15F72C732C69DA6D00878295 /* Frameworks */ = {
			isa = PBXFrameworksBuildPhase;
			buildActionMask = 2147483647;
			files = (
			);
			runOnlyForDeploymentPostprocessing = 0;
		};
/* End PBXFrameworksBuildPhase section */

/* Begin PBXGroup section */
		15F72C4D2C69DA6800878295 = {
			isa = PBXGroup;
			children = (
				15F72C582C69DA6800878295 /* Newbie */,
				15F72C6F2C69DA6D00878295 /* NewbieTests */,
				15F72C792C69DA6D00878295 /* NewbieUITests */,
				15F72C572C69DA6800878295 /* Products */,
			);
			sourceTree = "<group>";
		};
		15F72C572C69DA6800878295 /* Products */ = {
			isa = PBXGroup;
			children = (
				15F72C562C69DA6800878295 /* Newbie.app */,
				15F72C6C2C69DA6C00878295 /* NewbieTests.xctest */,
				15F72C762C69DA6D00878295 /* NewbieUITests.xctest */,
			);
			name = Products;
			sourceTree = "<group>";
		};
		15F72C582C69DA6800878295 /* Newbie */ = {
			isa = PBXGroup;
			children = (
				15F72CA22C6B847000878295 /* Utils */,
				15F72C9A2C6B7F6D00878295 /* Protocol */,
				15F72C932C69DB8900878295 /* Services */,
				15F72C8C2C69DAFD00878295 /* View */,
				15F72C8B2C69DACB00878295 /* ViewModel */,
				15F72C8A2C69DAC400878295 /* Model */,
				15F72C892C69DAAF00878295 /* Controllers */,
				15F72C592C69DA6800878295 /* AppDelegate.swift */,
				15F72C5B2C69DA6800878295 /* SceneDelegate.swift */,
				15F72C5F2C69DA6800878295 /* Main.storyboard */,
				15F72C622C69DA6A00878295 /* Assets.xcassets */,
				15F72C642C69DA6A00878295 /* LaunchScreen.storyboard */,
				15F72C672C69DA6A00878295 /* Info.plist */,
			);
			path = Newbie;
			sourceTree = "<group>";
		};
		15F72C6F2C69DA6D00878295 /* NewbieTests */ = {
			isa = PBXGroup;
			children = (
				15F72C9D2C6B801E00878295 /* Mocks */,
				15F72C702C69DA6D00878295 /* OrderListTests.swift */,
			);
			path = NewbieTests;
			sourceTree = "<group>";
		};
		15F72C792C69DA6D00878295 /* NewbieUITests */ = {
			isa = PBXGroup;
			children = (
				15F72C7A2C69DA6D00878295 /* NewbieUITests.swift */,
				15F72C7C2C69DA6D00878295 /* NewbieUITestsLaunchTests.swift */,
			);
			path = NewbieUITests;
			sourceTree = "<group>";
		};
		15F72C892C69DAAF00878295 /* Controllers */ = {
			isa = PBXGroup;
			children = (
				15F72C5D2C69DA6800878295 /* OrderListViewController.swift */,
				15F72C982C6B602000878295 /* ViewOrderViewController.swift */,
			);
			path = Controllers;
			sourceTree = "<group>";
		};
		15F72C8A2C69DAC400878295 /* Model */ = {
			isa = PBXGroup;
			children = (
				15F72C942C6B18F100878295 /* OrderListModel.swift */,
			);
			path = Model;
			sourceTree = "<group>";
		};
		15F72C8B2C69DACB00878295 /* ViewModel */ = {
			isa = PBXGroup;
			children = (
				15F72C962C6B195B00878295 /* OrderViewModel.swift */,
				15F72CA52C6C7A8000878295 /* GetOrdersViewModel.swift */,
			);
			path = ViewModel;
			sourceTree = "<group>";
		};
		15F72C8C2C69DAFD00878295 /* View */ = {
			isa = PBXGroup;
			children = (
				15F72C8D2C69DB1D00878295 /* OrdersListTableViewCell.swift */,
				15F72C8E2C69DB1D00878295 /* OrdersListTableViewCell.xib */,
			);
			path = View;
			sourceTree = "<group>";
		};
		15F72C932C69DB8900878295 /* Services */ = {
			isa = PBXGroup;
			children = (
				15F72C912C69DB8500878295 /* WebService.swift */,
			);
			path = Services;
			sourceTree = "<group>";
		};
		15F72C9A2C6B7F6D00878295 /* Protocol */ = {
			isa = PBXGroup;
			children = (
				15F72C9B2C6B7F8600878295 /* OrderListProtocol.swift */,
			);
			path = Protocol;
			sourceTree = "<group>";
		};
		15F72C9D2C6B801E00878295 /* Mocks */ = {
			isa = PBXGroup;
			children = (
				15F72C9E2C6B803100878295 /* MockUrlProtocol.swift */,
				15F72CA02C6B80C100878295 /* MockOrderList.swift */,
				15F72CA72C6C7AAB00878295 /* MockGetOrders.swift */,
			);
			path = Mocks;
			sourceTree = "<group>";
		};
		15F72CA22C6B847000878295 /* Utils */ = {
			isa = PBXGroup;
			children = (
				15F72CA32C6B847A00878295 /* Constants.swift */,
			);
			path = Utils;
			sourceTree = "<group>";
		};
/* End PBXGroup section */

/* Begin PBXNativeTarget section */
		15F72C552C69DA6800878295 /* Newbie */ = {
			isa = PBXNativeTarget;
			buildConfigurationList = 15F72C802C69DA6D00878295 /* Build configuration list for PBXNativeTarget "Newbie" */;
			buildPhases = (
				15F72C522C69DA6800878295 /* Sources */,
				15F72C532C69DA6800878295 /* Frameworks */,
				15F72C542C69DA6800878295 /* Resources */,
			);
			buildRules = (
			);
			dependencies = (
			);
			name = Newbie;
			productName = Newbie;
			productReference = 15F72C562C69DA6800878295 /* Newbie.app */;
			productType = "com.apple.product-type.application";
		};
		15F72C6B2C69DA6C00878295 /* NewbieTests */ = {
			isa = PBXNativeTarget;
			buildConfigurationList = 15F72C832C69DA6D00878295 /* Build configuration list for PBXNativeTarget "NewbieTests" */;
			buildPhases = (
				15F72C682C69DA6C00878295 /* Sources */,
				15F72C692C69DA6C00878295 /* Frameworks */,
				15F72C6A2C69DA6C00878295 /* Resources */,
			);
			buildRules = (
			);
			dependencies = (
				15F72C6E2C69DA6C00878295 /* PBXTargetDependency */,
			);
			name = NewbieTests;
			productName = NewbieTests;
			productReference = 15F72C6C2C69DA6C00878295 /* NewbieTests.xctest */;
			productType = "com.apple.product-type.bundle.unit-test";
		};
		15F72C752C69DA6D00878295 /* NewbieUITests */ = {
			isa = PBXNativeTarget;
			buildConfigurationList = 15F72C862C69DA6D00878295 /* Build configuration list for PBXNativeTarget "NewbieUITests" */;
			buildPhases = (
				15F72C722C69DA6D00878295 /* Sources */,
				15F72C732C69DA6D00878295 /* Frameworks */,
				15F72C742C69DA6D00878295 /* Resources */,
			);
			buildRules = (
			);
			dependencies = (
				15F72C782C69DA6D00878295 /* PBXTargetDependency */,
			);
			name = NewbieUITests;
			productName = NewbieUITests;
			productReference = 15F72C762C69DA6D00878295 /* NewbieUITests.xctest */;
			productType = "com.apple.product-type.bundle.ui-testing";
		};
/* End PBXNativeTarget section */

/* Begin PBXProject section */
		15F72C4E2C69DA6800878295 /* Project object */ = {
			isa = PBXProject;
			attributes = {
				BuildIndependentTargetsInParallel = 1;
				LastSwiftUpdateCheck = 1540;
				LastUpgradeCheck = 1540;
				TargetAttributes = {
					15F72C552C69DA6800878295 = {
						CreatedOnToolsVersion = 15.4;
					};
					15F72C6B2C69DA6C00878295 = {
						CreatedOnToolsVersion = 15.4;
						TestTargetID = 15F72C552C69DA6800878295;
					};
					15F72C752C69DA6D00878295 = {
						CreatedOnToolsVersion = 15.4;
						TestTargetID = 15F72C552C69DA6800878295;
					};
				};
			};
			buildConfigurationList = 15F72C512C69DA6800878295 /* Build configuration list for PBXProject "Newbie" */;
			compatibilityVersion = "Xcode 14.0";
			developmentRegion = en;
			hasScannedForEncodings = 0;
			knownRegions = (
				en,
				Base,
			);
			mainGroup = 15F72C4D2C69DA6800878295;
			productRefGroup = 15F72C572C69DA6800878295 /* Products */;
			projectDirPath = "";
			projectRoot = "";
			targets = (
				15F72C552C69DA6800878295 /* Newbie */,
				15F72C6B2C69DA6C00878295 /* NewbieTests */,
				15F72C752C69DA6D00878295 /* NewbieUITests */,
			);
		};
/* End PBXProject section */

/* Begin PBXResourcesBuildPhase section */
		15F72C542C69DA6800878295 /* Resources */ = {
			isa = PBXResourcesBuildPhase;
			buildActionMask = 2147483647;
			files = (
				15F72C632C69DA6A00878295 /* Assets.xcassets in Resources */,
				15F72C662C69DA6A00878295 /* Base in Resources */,
				15F72C902C69DB1D00878295 /* OrdersListTableViewCell.xib in Resources */,
				15F72C612C69DA6800878295 /* Base in Resources */,
			);
			runOnlyForDeploymentPostprocessing = 0;
		};
		15F72C6A2C69DA6C00878295 /* Resources */ = {
			isa = PBXResourcesBuildPhase;
			buildActionMask = 2147483647;
			files = (
			);
			runOnlyForDeploymentPostprocessing = 0;
		};
		15F72C742C69DA6D00878295 /* Resources */ = {
			isa = PBXResourcesBuildPhase;
			buildActionMask = 2147483647;
			files = (
			);
			runOnlyForDeploymentPostprocessing = 0;
		};
/* End PBXResourcesBuildPhase section */

/* Begin PBXSourcesBuildPhase section */
		15F72C522C69DA6800878295 /* Sources */ = {
			isa = PBXSourcesBuildPhase;
			buildActionMask = 2147483647;
			files = (
				15F72C5E2C69DA6800878295 /* OrderListViewController.swift in Sources */,
				15F72C9C2C6B7F8600878295 /* OrderListProtocol.swift in Sources */,
				15F72C5A2C69DA6800878295 /* AppDelegate.swift in Sources */,
				15F72C8F2C69DB1D00878295 /* OrdersListTableViewCell.swift in Sources */,
				15F72C922C69DB8500878295 /* WebService.swift in Sources */,
				15F72CA62C6C7A8000878295 /* GetOrdersViewModel.swift in Sources */,
				15F72CA42C6B847A00878295 /* Constants.swift in Sources */,
				15F72C952C6B18F100878295 /* OrderListModel.swift in Sources */,
				15F72C972C6B195B00878295 /* OrderViewModel.swift in Sources */,
				15F72C992C6B602000878295 /* ViewOrderViewController.swift in Sources */,
				15F72C5C2C69DA6800878295 /* SceneDelegate.swift in Sources */,
			);
			runOnlyForDeploymentPostprocessing = 0;
		};
		15F72C682C69DA6C00878295 /* Sources */ = {
			isa = PBXSourcesBuildPhase;
			buildActionMask = 2147483647;
			files = (
				15F72C712C69DA6D00878295 /* OrderListTests.swift in Sources */,
				15F72CA12C6B80C100878295 /* MockOrderList.swift in Sources */,
				15F72C9F2C6B803100878295 /* MockUrlProtocol.swift in Sources */,
				15F72CA82C6C7AAB00878295 /* MockGetOrders.swift in Sources */,
			);
			runOnlyForDeploymentPostprocessing = 0;
		};
		15F72C722C69DA6D00878295 /* Sources */ = {
			isa = PBXSourcesBuildPhase;
			buildActionMask = 2147483647;
			files = (
				15F72C7D2C69DA6D00878295 /* NewbieUITestsLaunchTests.swift in Sources */,
				15F72C7B2C69DA6D00878295 /* NewbieUITests.swift in Sources */,
			);
			runOnlyForDeploymentPostprocessing = 0;
		};
/* End PBXSourcesBuildPhase section */

/* Begin PBXTargetDependency section */
		15F72C6E2C69DA6C00878295 /* PBXTargetDependency */ = {
			isa = PBXTargetDependency;
			target = 15F72C552C69DA6800878295 /* Newbie */;
			targetProxy = 15F72C6D2C69DA6C00878295 /* PBXContainerItemProxy */;
		};
		15F72C782C69DA6D00878295 /* PBXTargetDependency */ = {
			isa = PBXTargetDependency;
			target = 15F72C552C69DA6800878295 /* Newbie */;
			targetProxy = 15F72C772C69DA6D00878295 /* PBXContainerItemProxy */;
		};
/* End PBXTargetDependency section */

/* Begin PBXVariantGroup section */
		15F72C5F2C69DA6800878295 /* Main.storyboard */ = {
			isa = PBXVariantGroup;
			children = (
				15F72C602C69DA6800878295 /* Base */,
			);
			name = Main.storyboard;
			sourceTree = "<group>";
		};
		15F72C642C69DA6A00878295 /* LaunchScreen.storyboard */ = {
			isa = PBXVariantGroup;
			children = (
				15F72C652C69DA6A00878295 /* Base */,
			);
			name = LaunchScreen.storyboard;
			sourceTree = "<group>";
		};
/* End PBXVariantGroup section */

/* Begin XCBuildConfiguration section */
		15F72C7E2C69DA6D00878295 /* Debug */ = {
			isa = XCBuildConfiguration;
			buildSettings = {
				ALWAYS_SEARCH_USER_PATHS = NO;
				ASSETCATALOG_COMPILER_GENERATE_SWIFT_ASSET_SYMBOL_EXTENSIONS = YES;
				CLANG_ANALYZER_NONNULL = YES;
				CLANG_ANALYZER_NUMBER_OBJECT_CONVERSION = YES_AGGRESSIVE;
				CLANG_CXX_LANGUAGE_STANDARD = "gnu++20";
				CLANG_ENABLE_MODULES = YES;
				CLANG_ENABLE_OBJC_ARC = YES;
				CLANG_ENABLE_OBJC_WEAK = YES;
				CLANG_WARN_BLOCK_CAPTURE_AUTORELEASING = YES;
				CLANG_WARN_BOOL_CONVERSION = YES;
				CLANG_WARN_COMMA = YES;
				CLANG_WARN_CONSTANT_CONVERSION = YES;
				CLANG_WARN_DEPRECATED_OBJC_IMPLEMENTATIONS = YES;
				CLANG_WARN_DIRECT_OBJC_ISA_USAGE = YES_ERROR;
				CLANG_WARN_DOCUMENTATION_COMMENTS = YES;
				CLANG_WARN_EMPTY_BODY = YES;
				CLANG_WARN_ENUM_CONVERSION = YES;
				CLANG_WARN_INFINITE_RECURSION = YES;
				CLANG_WARN_INT_CONVERSION = YES;
				CLANG_WARN_NON_LITERAL_NULL_CONVERSION = YES;
				CLANG_WARN_OBJC_IMPLICIT_RETAIN_SELF = YES;
				CLANG_WARN_OBJC_LITERAL_CONVERSION = YES;
				CLANG_WARN_OBJC_ROOT_CLASS = YES_ERROR;
				CLANG_WARN_QUOTED_INCLUDE_IN_FRAMEWORK_HEADER = YES;
				CLANG_WARN_RANGE_LOOP_ANALYSIS = YES;
				CLANG_WARN_STRICT_PROTOTYPES = YES;
				CLANG_WARN_SUSPICIOUS_MOVE = YES;
				CLANG_WARN_UNGUARDED_AVAILABILITY = YES_AGGRESSIVE;
				CLANG_WARN_UNREACHABLE_CODE = YES;
				CLANG_WARN__DUPLICATE_METHOD_MATCH = YES;
				COPY_PHASE_STRIP = NO;
				DEBUG_INFORMATION_FORMAT = dwarf;
				ENABLE_STRICT_OBJC_MSGSEND = YES;
				ENABLE_TESTABILITY = YES;
				ENABLE_USER_SCRIPT_SANDBOXING = YES;
				GCC_C_LANGUAGE_STANDARD = gnu17;
				GCC_DYNAMIC_NO_PIC = NO;
				GCC_NO_COMMON_BLOCKS = YES;
				GCC_OPTIMIZATION_LEVEL = 0;
				GCC_PREPROCESSOR_DEFINITIONS = (
					"DEBUG=1",
					"$(inherited)",
				);
				GCC_WARN_64_TO_32_BIT_CONVERSION = YES;
				GCC_WARN_ABOUT_RETURN_TYPE = YES_ERROR;
				GCC_WARN_UNDECLARED_SELECTOR = YES;
				GCC_WARN_UNINITIALIZED_AUTOS = YES_AGGRESSIVE;
				GCC_WARN_UNUSED_FUNCTION = YES;
				GCC_WARN_UNUSED_VARIABLE = YES;
				IPHONEOS_DEPLOYMENT_TARGET = 17.5;
				LOCALIZATION_PREFERS_STRING_CATALOGS = YES;
				MTL_ENABLE_DEBUG_INFO = INCLUDE_SOURCE;
				MTL_FAST_MATH = YES;
				ONLY_ACTIVE_ARCH = YES;
				SDKROOT = iphoneos;
				SWIFT_ACTIVE_COMPILATION_CONDITIONS = "DEBUG $(inherited)";
				SWIFT_OPTIMIZATION_LEVEL = "-Onone";
			};
			name = Debug;
		};
		15F72C7F2C69DA6D00878295 /* Release */ = {
			isa = XCBuildConfiguration;
			buildSettings = {
				ALWAYS_SEARCH_USER_PATHS = NO;
				ASSETCATALOG_COMPILER_GENERATE_SWIFT_ASSET_SYMBOL_EXTENSIONS = YES;
				CLANG_ANALYZER_NONNULL = YES;
				CLANG_ANALYZER_NUMBER_OBJECT_CONVERSION = YES_AGGRESSIVE;
				CLANG_CXX_LANGUAGE_STANDARD = "gnu++20";
				CLANG_ENABLE_MODULES = YES;
				CLANG_ENABLE_OBJC_ARC = YES;
				CLANG_ENABLE_OBJC_WEAK = YES;
				CLANG_WARN_BLOCK_CAPTURE_AUTORELEASING = YES;
				CLANG_WARN_BOOL_CONVERSION = YES;
				CLANG_WARN_COMMA = YES;
				CLANG_WARN_CONSTANT_CONVERSION = YES;
				CLANG_WARN_DEPRECATED_OBJC_IMPLEMENTATIONS = YES;
				CLANG_WARN_DIRECT_OBJC_ISA_USAGE = YES_ERROR;
				CLANG_WARN_DOCUMENTATION_COMMENTS = YES;
				CLANG_WARN_EMPTY_BODY = YES;
				CLANG_WARN_ENUM_CONVERSION = YES;
				CLANG_WARN_INFINITE_RECURSION = YES;
				CLANG_WARN_INT_CONVERSION = YES;
				CLANG_WARN_NON_LITERAL_NULL_CONVERSION = YES;
				CLANG_WARN_OBJC_IMPLICIT_RETAIN_SELF = YES;
				CLANG_WARN_OBJC_LITERAL_CONVERSION = YES;
				CLANG_WARN_OBJC_ROOT_CLASS = YES_ERROR;
				CLANG_WARN_QUOTED_INCLUDE_IN_FRAMEWORK_HEADER = YES;
				CLANG_WARN_RANGE_LOOP_ANALYSIS = YES;
				CLANG_WARN_STRICT_PROTOTYPES = YES;
				CLANG_WARN_SUSPICIOUS_MOVE = YES;
				CLANG_WARN_UNGUARDED_AVAILABILITY = YES_AGGRESSIVE;
				CLANG_WARN_UNREACHABLE_CODE = YES;
				CLANG_WARN__DUPLICATE_METHOD_MATCH = YES;
				COPY_PHASE_STRIP = NO;
				DEBUG_INFORMATION_FORMAT = "dwarf-with-dsym";
				ENABLE_NS_ASSERTIONS = NO;
				ENABLE_STRICT_OBJC_MSGSEND = YES;
				ENABLE_USER_SCRIPT_SANDBOXING = YES;
				GCC_C_LANGUAGE_STANDARD = gnu17;
				GCC_NO_COMMON_BLOCKS = YES;
				GCC_WARN_64_TO_32_BIT_CONVERSION = YES;
				GCC_WARN_ABOUT_RETURN_TYPE = YES_ERROR;
				GCC_WARN_UNDECLARED_SELECTOR = YES;
				GCC_WARN_UNINITIALIZED_AUTOS = YES_AGGRESSIVE;
				GCC_WARN_UNUSED_FUNCTION = YES;
				GCC_WARN_UNUSED_VARIABLE = YES;
				IPHONEOS_DEPLOYMENT_TARGET = 17.5;
				LOCALIZATION_PREFERS_STRING_CATALOGS = YES;
				MTL_ENABLE_DEBUG_INFO = NO;
				MTL_FAST_MATH = YES;
				SDKROOT = iphoneos;
				SWIFT_COMPILATION_MODE = wholemodule;
				VALIDATE_PRODUCT = YES;
			};
			name = Release;
		};
		15F72C812C69DA6D00878295 /* Debug */ = {
			isa = XCBuildConfiguration;
			buildSettings = {
				ASSETCATALOG_COMPILER_APPICON_NAME = AppIcon;
				ASSETCATALOG_COMPILER_GLOBAL_ACCENT_COLOR_NAME = AccentColor;
				CODE_SIGN_STYLE = Automatic;
				CURRENT_PROJECT_VERSION = 1;
				GENERATE_INFOPLIST_FILE = YES;
				INFOPLIST_FILE = Newbie/Info.plist;
				INFOPLIST_KEY_UIApplicationSupportsIndirectInputEvents = YES;
				INFOPLIST_KEY_UILaunchStoryboardName = LaunchScreen;
				INFOPLIST_KEY_UIMainStoryboardFile = Main;
				INFOPLIST_KEY_UISupportedInterfaceOrientations_iPad = "UIInterfaceOrientationPortrait UIInterfaceOrientationPortraitUpsideDown UIInterfaceOrientationLandscapeLeft UIInterfaceOrientationLandscapeRight";
				INFOPLIST_KEY_UISupportedInterfaceOrientations_iPhone = "UIInterfaceOrientationPortrait UIInterfaceOrientationLandscapeLeft UIInterfaceOrientationLandscapeRight";
				LD_RUNPATH_SEARCH_PATHS = (
					"$(inherited)",
					"@executable_path/Frameworks",
				);
				MARKETING_VERSION = 1.0;
				PRODUCT_BUNDLE_IDENTIFIER = com.cts.Newbie;
				PRODUCT_NAME = "$(TARGET_NAME)";
				SWIFT_EMIT_LOC_STRINGS = YES;
				SWIFT_VERSION = 5.0;
				TARGETED_DEVICE_FAMILY = "1,2";
			};
			name = Debug;
		};
		15F72C822C69DA6D00878295 /* Release */ = {
			isa = XCBuildConfiguration;
			buildSettings = {
				ASSETCATALOG_COMPILER_APPICON_NAME = AppIcon;
				ASSETCATALOG_COMPILER_GLOBAL_ACCENT_COLOR_NAME = AccentColor;
				CODE_SIGN_STYLE = Automatic;
				CURRENT_PROJECT_VERSION = 1;
				GENERATE_INFOPLIST_FILE = YES;
				INFOPLIST_FILE = Newbie/Info.plist;
				INFOPLIST_KEY_UIApplicationSupportsIndirectInputEvents = YES;
				INFOPLIST_KEY_UILaunchStoryboardName = LaunchScreen;
				INFOPLIST_KEY_UIMainStoryboardFile = Main;
				INFOPLIST_KEY_UISupportedInterfaceOrientations_iPad = "UIInterfaceOrientationPortrait UIInterfaceOrientationPortraitUpsideDown UIInterfaceOrientationLandscapeLeft UIInterfaceOrientationLandscapeRight";
				INFOPLIST_KEY_UISupportedInterfaceOrientations_iPhone = "UIInterfaceOrientationPortrait UIInterfaceOrientationLandscapeLeft UIInterfaceOrientationLandscapeRight";
				LD_RUNPATH_SEARCH_PATHS = (
					"$(inherited)",
					"@executable_path/Frameworks",
				);
				MARKETING_VERSION = 1.0;
				PRODUCT_BUNDLE_IDENTIFIER = com.cts.Newbie;
				PRODUCT_NAME = "$(TARGET_NAME)";
				SWIFT_EMIT_LOC_STRINGS = YES;
				SWIFT_VERSION = 5.0;
				TARGETED_DEVICE_FAMILY = "1,2";
			};
			name = Release;
		};
		15F72C842C69DA6D00878295 /* Debug */ = {
			isa = XCBuildConfiguration;
			buildSettings = {
				ALWAYS_EMBED_SWIFT_STANDARD_LIBRARIES = YES;
				BUNDLE_LOADER = "$(TEST_HOST)";
				CODE_SIGN_STYLE = Automatic;
				CURRENT_PROJECT_VERSION = 1;
				GENERATE_INFOPLIST_FILE = YES;
				IPHONEOS_DEPLOYMENT_TARGET = 17.5;
				MARKETING_VERSION = 1.0;
				PRODUCT_BUNDLE_IDENTIFIER = com.cts.NewbieTests;
				PRODUCT_NAME = "$(TARGET_NAME)";
				SWIFT_EMIT_LOC_STRINGS = NO;
				SWIFT_VERSION = 5.0;
				TARGETED_DEVICE_FAMILY = "1,2";
				TEST_HOST = "$(BUILT_PRODUCTS_DIR)/Newbie.app/$(BUNDLE_EXECUTABLE_FOLDER_PATH)/Newbie";
			};
			name = Debug;
		};
		15F72C852C69DA6D00878295 /* Release */ = {
			isa = XCBuildConfiguration;
			buildSettings = {
				ALWAYS_EMBED_SWIFT_STANDARD_LIBRARIES = YES;
				BUNDLE_LOADER = "$(TEST_HOST)";
				CODE_SIGN_STYLE = Automatic;
				CURRENT_PROJECT_VERSION = 1;
				GENERATE_INFOPLIST_FILE = YES;
				IPHONEOS_DEPLOYMENT_TARGET = 17.5;
				MARKETING_VERSION = 1.0;
				PRODUCT_BUNDLE_IDENTIFIER = com.cts.NewbieTests;
				PRODUCT_NAME = "$(TARGET_NAME)";
				SWIFT_EMIT_LOC_STRINGS = NO;
				SWIFT_VERSION = 5.0;
				TARGETED_DEVICE_FAMILY = "1,2";
				TEST_HOST = "$(BUILT_PRODUCTS_DIR)/Newbie.app/$(BUNDLE_EXECUTABLE_FOLDER_PATH)/Newbie";
			};
			name = Release;
		};
		15F72C872C69DA6D00878295 /* Debug */ = {
			isa = XCBuildConfiguration;
			buildSettings = {
				ALWAYS_EMBED_SWIFT_STANDARD_LIBRARIES = YES;
				CODE_SIGN_STYLE = Automatic;
				CURRENT_PROJECT_VERSION = 1;
				GENERATE_INFOPLIST_FILE = YES;
				MARKETING_VERSION = 1.0;
				PRODUCT_BUNDLE_IDENTIFIER = com.cts.NewbieUITests;
				PRODUCT_NAME = "$(TARGET_NAME)";
				SWIFT_EMIT_LOC_STRINGS = NO;
				SWIFT_VERSION = 5.0;
				TARGETED_DEVICE_FAMILY = "1,2";
				TEST_TARGET_NAME = Newbie;
			};
			name = Debug;
		};
		15F72C882C69DA6D00878295 /* Release */ = {
			isa = XCBuildConfiguration;
			buildSettings = {
				ALWAYS_EMBED_SWIFT_STANDARD_LIBRARIES = YES;
				CODE_SIGN_STYLE = Automatic;
				CURRENT_PROJECT_VERSION = 1;
				GENERATE_INFOPLIST_FILE = YES;
				MARKETING_VERSION = 1.0;
				PRODUCT_BUNDLE_IDENTIFIER = com.cts.NewbieUITests;
				PRODUCT_NAME = "$(TARGET_NAME)";
				SWIFT_EMIT_LOC_STRINGS = NO;
				SWIFT_VERSION = 5.0;
				TARGETED_DEVICE_FAMILY = "1,2";
				TEST_TARGET_NAME = Newbie;
			};
			name = Release;
		};
/* End XCBuildConfiguration section */

/* Begin XCConfigurationList section */
		15F72C512C69DA6800878295 /* Build configuration list for PBXProject "Newbie" */ = {
			isa = XCConfigurationList;
			buildConfigurations = (
				15F72C7E2C69DA6D00878295 /* Debug */,
				15F72C7F2C69DA6D00878295 /* Release */,
			);
			defaultConfigurationIsVisible = 0;
			defaultConfigurationName = Release;
		};
		15F72C802C69DA6D00878295 /* Build configuration list for PBXNativeTarget "Newbie" */ = {
			isa = XCConfigurationList;
			buildConfigurations = (
				15F72C812C69DA6D00878295 /* Debug */,
				15F72C822C69DA6D00878295 /* Release */,
			);
			defaultConfigurationIsVisible = 0;
			defaultConfigurationName = Release;
		};
		15F72C832C69DA6D00878295 /* Build configuration list for PBXNativeTarget "NewbieTests" */ = {
			isa = XCConfigurationList;
			buildConfigurations = (
				15F72C842C69DA6D00878295 /* Debug */,
				15F72C852C69DA6D00878295 /* Release */,
			);
			defaultConfigurationIsVisible = 0;
			defaultConfigurationName = Release;
		};
		15F72C862C69DA6D00878295 /* Build configuration list for PBXNativeTarget "NewbieUITests" */ = {
			isa = XCConfigurationList;
			buildConfigurations = (
				15F72C872C69DA6D00878295 /* Debug */,
				15F72C882C69DA6D00878295 /* Release */,
			);
			defaultConfigurationIsVisible = 0;
			defaultConfigurationName = Release;
		};
/* End XCConfigurationList section */
	};
	rootObject = 15F72C4E2C69DA6800878295 /* Project object */;
}
